
Microsoft Visual Studio Solution File, Format Version 12.00
# Visual Studio Version 16
VisualStudioVersion = 16.0.30621.155
MinimumVisualStudioVersion = 10.0.40219.1
Project("{FAE04EC0-301F-11D3-BF4B-00C04F79EFBC}") = "S4.BlazorTest.BlzWebApp", "S4.BlazorTest.BlzWebApp\S4.BlazorTest.BlzWebApp.csproj", "{A3239AF0-9650-4721-9518-DFA024DBBFA7}"
EndProject
Project("{FAE04EC0-301F-11D3-BF4B-00C04F79EFBC}") = "S4.BlazorTest.BlzServer", "S4.BlazorTest.BlzServer\S4.BlazorTest.BlzServer.csproj", "{5024BA79-ED15-42E9-A1F4-8DC8A3D36657}"
EndProject
Global
	GlobalSection(SolutionConfigurationPlatforms) = preSolution
		Debug|Any CPU = Debug|Any CPU
		Release|Any CPU = Release|Any CPU
	EndGlobalSection
	GlobalSection(ProjectConfigurationPlatforms) = postSolution
		{A3239AF0-9650-4721-9518-DFA024DBBFA7}.Debug|Any CPU.ActiveCfg = Debug|Any CPU
		{A3239AF0-9650-4721-9518-DFA024DBBFA7}.Debug|Any CPU.Build.0 = Debug|Any CPU
		{A3239AF0-9650-4721-9518-DFA024DBBFA7}.Release|Any CPU.ActiveCfg = Release|Any CPU
		{A3239AF0-9650-4721-9518-DFA024DBBFA7}.Release|Any CPU.Build.0 = Release|Any CPU
		{5024BA79-ED15-42E9-A1F4-8DC8A3D36657}.Debug|Any CPU.ActiveCfg = Debug|Any CPU
		{5024BA79-ED15-42E9-A1F4-8DC8A3D36657}.Debug|Any CPU.Build.0 = Debug|Any CPU
		{5024BA79-ED15-42E9-A1F4-8DC8A3D36657}.Release|Any CPU.ActiveCfg = Release|Any CPU
		{5024BA79-ED15-42E9-A1F4-8DC8A3D36657}.Release|Any CPU.Build.0 = Release|Any CPU
	EndGlobalSection
	GlobalSection(SolutionProperties) = preSolution
		HideSolutionNode = FALSE
	EndGlobalSection
	GlobalSection(ExtensibilityGlobals) = postSolution
		SolutionGuid = {514F71F4-3282-4A49-8C20-98FD9D26244C}
	EndGlobalSection
EndGlobal
